
Microsoft Visual Studio Solution File, Format Version 12.00
# Visual Studio 15
VisualStudioVersion = 15.0.26228.4
MinimumVisualStudioVersion = 10.0.40219.1
Project("{2150E333-8FDC-42A3-9474-1A3956D46DE8}") = "Solution Items", "Solution Items", "{DC37AEDF-337B-4596-A9B1-7F5BB50AFCBB}"
	ProjectSection(SolutionItems) = preProject
		appveyor.yml = appveyor.yml
	EndProjectSection
EndProject
Project("{9A19103F-16F7-4668-BE54-9A1E7A4F7556}") = "Resonance.Core", "Resonance.Core\Resonance.Core.csproj", "{F2D21CC3-1F85-44C9-8739-4D4CEAAF88D9}"
EndProject
Project("{9A19103F-16F7-4668-BE54-9A1E7A4F7556}") = "Resonance.Demo", "Resonance.Demo\Resonance.Demo.csproj", "{435874BC-64B2-46CF-AA9C-B3467854B9C3}"
EndProject
Project("{9A19103F-16F7-4668-BE54-9A1E7A4F7556}") = "Resonance.Tests", "Resonance.Tests\Resonance.Tests.csproj", "{29A2015D-3928-4B30-9E44-5100818E987D}"
EndProject
Global
	GlobalSection(SolutionConfigurationPlatforms) = preSolution
		Debug|Any CPU = Debug|Any CPU
		Release|Any CPU = Release|Any CPU
	EndGlobalSection
	GlobalSection(ProjectConfigurationPlatforms) = postSolution
		{F2D21CC3-1F85-44C9-8739-4D4CEAAF88D9}.Debug|Any CPU.ActiveCfg = Debug|Any CPU
		{F2D21CC3-1F85-44C9-8739-4D4CEAAF88D9}.Debug|Any CPU.Build.0 = Debug|Any CPU
		{F2D21CC3-1F85-44C9-8739-4D4CEAAF88D9}.Release|Any CPU.ActiveCfg = Release|Any CPU
		{F2D21CC3-1F85-44C9-8739-4D4CEAAF88D9}.Release|Any CPU.Build.0 = Release|Any CPU
		{435874BC-64B2-46CF-AA9C-B3467854B9C3}.Debug|Any CPU.ActiveCfg = Debug|Any CPU
		{435874BC-64B2-46CF-AA9C-B3467854B9C3}.Debug|Any CPU.Build.0 = Debug|Any CPU
		{435874BC-64B2-46CF-AA9C-B3467854B9C3}.Release|Any CPU.ActiveCfg = Release|Any CPU
		{435874BC-64B2-46CF-AA9C-B3467854B9C3}.Release|Any CPU.Build.0 = Release|Any CPU
		{29A2015D-3928-4B30-9E44-5100818E987D}.Debug|Any CPU.ActiveCfg = Debug|Any CPU
		{29A2015D-3928-4B30-9E44-5100818E987D}.Debug|Any CPU.Build.0 = Debug|Any CPU
		{29A2015D-3928-4B30-9E44-5100818E987D}.Release|Any CPU.ActiveCfg = Release|Any CPU
		{29A2015D-3928-4B30-9E44-5100818E987D}.Release|Any CPU.Build.0 = Release|Any CPU
	EndGlobalSection
	GlobalSection(SolutionProperties) = preSolution
		HideSolutionNode = FALSE
	EndGlobalSection
EndGlobal
